
Microsoft Visual Studio Solution File, Format Version 12.00
# Visual Studio Version 17
VisualStudioVersion = 17.3.32929.385
MinimumVisualStudioVersion = 10.0.40219.1
Project("{FAE04EC0-301F-11D3-BF4B-00C04F79EFBC}") = "Zubakov_DZ_Spirin", "Zubakov_DZ_Spirin.csproj", "{2ADB81FF-AF61-4559-8594-B7E800AE9C9E}"
EndProject
Global
	GlobalSection(SolutionConfigurationPlatforms) = preSolution
		Debug|Any CPU = Debug|Any CPU
		Release|Any CPU = Release|Any CPU
	EndGlobalSection
	GlobalSection(ProjectConfigurationPlatforms) = postSolution
		{2ADB81FF-AF61-4559-8594-B7E800AE9C9E}.Debug|Any CPU.ActiveCfg = Debug|Any CPU
		{2ADB81FF-AF61-4559-8594-B7E800AE9C9E}.Debug|Any CPU.Build.0 = Debug|Any CPU
		{2ADB81FF-AF61-4559-8594-B7E800AE9C9E}.Release|Any CPU.ActiveCfg = Release|Any CPU
		{2ADB81FF-AF61-4559-8594-B7E800AE9C9E}.Release|Any CPU.Build.0 = Release|Any CPU
	EndGlobalSection
	GlobalSection(SolutionProperties) = preSolution
		HideSolutionNode = FALSE
	EndGlobalSection
	GlobalSection(ExtensibilityGlobals) = postSolution
		SolutionGuid = {E58A4F6C-4BE1-4E1A-B311-F9EF486BD91B}
	EndGlobalSection
EndGlobal
